# THIS IS AN AUTOGENERATED FILE. DO NOT EDIT THIS FILE DIRECTLY.
# yarn lockfile v1


"@supabase/gotrue-js@^1.16.6":
  version "1.16.7"
  resolved "https://registry.yarnpkg.com/@supabase/gotrue-js/-/gotrue-js-1.16.7.tgz#7e003e4c8cdef973c4dc3c67900439e23d4982ea"
  integrity sha512-aRqwVLPPYQn616cG4SSlX/buEDiPG6/CBycpamaF6TAVm4C+lMTxaMIr7asNgV9SoGNGP4cQpluiRrNFZ6mNBw==
  dependencies:
    cross-fetch "^3.0.6"

"@supabase/gotrue-js@^1.17.0":
  version "1.17.0"
  resolved "https://registry.yarnpkg.com/@supabase/gotrue-js/-/gotrue-js-1.17.0.tgz#0ff46f844ddd124543d2769da8eda58ab479b49b"
  integrity sha512-c+GSSoW+PIT3/r7TnBdc4gPjtWDutO/2ROafSKUFl39Pb8aHIUbUvzK9sjuedaaLKH7bV8VefuRy2L8c0BUAzg==
  dependencies:
    cross-fetch "^3.0.6"

"@supabase/postgrest-js@^0.33.0":
  version "0.33.0"
  resolved "https://registry.yarnpkg.com/@supabase/postgrest-js/-/postgrest-js-0.33.0.tgz#36e0bfd0f79a0fa01a4bb7c7881ee463fd7d60a8"
  integrity sha512-og6Evdkan7Qp6+tOch7Pyq+ZWMnrCQtPHWwPpsN5A3iYQSro2yn21Yvazs9qAFoWAeTGNkuTOVpShT5Mbc9WcQ==
  dependencies:
    cross-fetch "^3.0.6"

"@supabase/realtime-js@^1.1.1":
  version "1.1.1"
  resolved "https://registry.yarnpkg.com/@supabase/realtime-js/-/realtime-js-1.1.1.tgz#3a1be101eecbc2413d41bfdd6757d964a5f82b14"
  integrity sha512-kUew5KPjgWYtenxrQJWZ/tHMGlg5Qz++bbsiY8Y89AjZQioSO557MlGHaEoT6k4s7CJ6e/ctNsT7tRhCKJimcQ==
  dependencies:
    "@types/websocket" "^1.0.3"
    websocket "^1.0.34"

"@supabase/realtime-js@^1.1.2":
  version "1.1.2"
  resolved "https://registry.yarnpkg.com/@supabase/realtime-js/-/realtime-js-1.1.2.tgz#6bdb0411df292c9d6a2d1a5a4e11c2673aec5f76"
  integrity sha512-YNFiWF0T9+IuZZgswzHbGb7/O1eWJSwXvi0WlbARHTIcYBu4GQQXBdVWdFdG4bTLMS3L4K2qHpvMP91QYSasMw==
  dependencies:
    "@types/websocket" "^1.0.3"
    websocket "^1.0.34"

"@supabase/storage-js@^1.4.0":
  version "1.4.0"
  resolved "https://registry.yarnpkg.com/@supabase/storage-js/-/storage-js-1.4.0.tgz#0692782ccaf10df27d539d9349031ed87c7ec426"
  integrity sha512-7+SGyXOgdhtz8qHzXo64HiS66PT/y4F8YFNMtXqYOu1LjHh0YwtOgpPLDA8obiSsNVwZiKwpgBJkz4LHG1YvRQ==
  dependencies:
    cross-fetch "^3.1.0"

"@supabase/supabase-js@^1.21.1":
  version "1.21.1"
  resolved "https://registry.yarnpkg.com/@supabase/supabase-js/-/supabase-js-1.21.1.tgz#013ce0104e8ebfb3290dd9734373550776c93a27"
  integrity sha512-hHDV9XA/H9ZFxflqo+1/uUg0bY6xlVePj0acG+kDLcrONWPcQ4zDAqprZONU99MDxeH2cTFaJEbxvF8eNAEMDw==
  dependencies:
    "@supabase/gotrue-js" "^1.17.0"
    "@supabase/postgrest-js" "^0.33.0"
    "@supabase/realtime-js" "^1.1.2"
    "@supabase/storage-js" "^1.4.0"

"@supabase/supabase-js@^1.4.2":
  version "1.20.0"
  resolved "https://registry.yarnpkg.com/@supabase/supabase-js/-/supabase-js-1.20.0.tgz#3d7bd464c4170126f176fdfede747cba751651fb"
  integrity sha512-G+BKKlr6a+q5Rf6OcNP3LInTih+hP92gmWp6zQZL2rYVvCa51LLhAtu+NrgMR6+AYs1D7ipLKYYiiq85Oerazg==
  dependencies:
    "@supabase/gotrue-js" "^1.16.6"
    "@supabase/postgrest-js" "^0.33.0"
    "@supabase/realtime-js" "^1.1.1"
    "@supabase/storage-js" "^1.4.0"

"@types/node@*":
  version "16.4.0"
  resolved "https://registry.yarnpkg.com/@types/node/-/node-16.4.0.tgz#2c219eaa3b8d1e4d04f4dd6e40bc68c7467d5272"
  integrity sha512-HrJuE7Mlqcjj+00JqMWpZ3tY8w7EUd+S0U3L1+PQSWiXZbOgyQDvi+ogoUxaHApPJq5diKxYBQwA3iIlNcPqOg==

"@types/websocket@^1.0.3":
  version "1.0.3"
  resolved "https://registry.yarnpkg.com/@types/websocket/-/websocket-1.0.3.tgz#49e09f939afd0ccdee4f7108d4712ec9feb0f153"
  integrity sha512-ZdoTSwmDsKR7l1I8fpfQtmTI/hUwlOvE3q0iyJsp4tXU0MkdrYowimDzwxjhQvxU4qjhHLd3a6ig0OXRbLgIdw==
  dependencies:
    "@types/node" "*"

"@vue/composition-api@^1.0.4":
  version "1.0.4"
  resolved "https://registry.yarnpkg.com/@vue/composition-api/-/composition-api-1.0.4.tgz#6162b3ba306a8995afdce969a66e168e6743718d"
  integrity sha512-3OzvW8RS7/7kxE+SDXm8zSLZRy9GtCYwyLYdnGtIsqXRSt5nWkA7zu80Cw8Vg+67jglrpMdVBBy7AUXAB34ZSw==
  dependencies:
    tslib "^2.3.0"

bufferutil@^4.0.1:
  version "4.0.3"
  resolved "https://registry.yarnpkg.com/bufferutil/-/bufferutil-4.0.3.tgz#66724b756bed23cd7c28c4d306d7994f9943cc6b"
  integrity sha512-yEYTwGndELGvfXsImMBLop58eaGW+YdONi1fNjTINSY98tmMmFijBG6WXgdkfuLNt4imzQNtIE+eBp1PVpMCSw==
  dependencies:
    node-gyp-build "^4.2.0"

cross-fetch@^3.0.6, cross-fetch@^3.1.0:
  version "3.1.4"
  resolved "https://registry.yarnpkg.com/cross-fetch/-/cross-fetch-3.1.4.tgz#9723f3a3a247bf8b89039f3a380a9244e8fa2f39"
  integrity sha512-1eAtFWdIubi6T4XPy6ei9iUFoKpUkIF971QLN8lIvvvwueI65+Nw5haMNKUwfJxabqlIIDODJKGrQ66gxC0PbQ==
  dependencies:
    node-fetch "2.6.1"

d@1, d@^1.0.1:
  version "1.0.1"
  resolved "https://registry.yarnpkg.com/d/-/d-1.0.1.tgz#8698095372d58dbee346ffd0c7093f99f8f9eb5a"
  integrity sha512-m62ShEObQ39CfralilEQRjH6oAMtNCV1xJyEx5LpRYUVN+EviphDgUc/F3hnYbADmkiNs67Y+3ylmlG7Lnu+FA==
  dependencies:
    es5-ext "^0.10.50"
    type "^1.0.1"

debug@^2.2.0:
  version "2.6.9"
  resolved "https://registry.yarnpkg.com/debug/-/debug-2.6.9.tgz#5d128515df134ff327e90a4c93f4e077a536341f"
  integrity sha512-bC7ElrdJaJnPbAP+1EotYvqZsb3ecl5wi6Bfi6BJTUcNowp6cvspg0jXznRTKDjm/E7AdgFBVeAPVMNcKGsHMA==
  dependencies:
    ms "2.0.0"

es5-ext@^0.10.35, es5-ext@^0.10.50:
  version "0.10.53"
  resolved "https://registry.yarnpkg.com/es5-ext/-/es5-ext-0.10.53.tgz#93c5a3acfdbef275220ad72644ad02ee18368de1"
  integrity sha512-Xs2Stw6NiNHWypzRTY1MtaG/uJlwCk8kH81920ma8mvN8Xq1gsfhZvpkImLQArw8AHnv8MT2I45J3c0R8slE+Q==
  dependencies:
    es6-iterator "~2.0.3"
    es6-symbol "~3.1.3"
    next-tick "~1.0.0"

es6-iterator@~2.0.3:
  version "2.0.3"
  resolved "https://registry.yarnpkg.com/es6-iterator/-/es6-iterator-2.0.3.tgz#a7de889141a05a94b0854403b2d0a0fbfa98f3b7"
  integrity sha1-p96IkUGgWpSwhUQDstCg+/qY87c=
  dependencies:
    d "1"
    es5-ext "^0.10.35"
    es6-symbol "^3.1.1"

es6-symbol@^3.1.1, es6-symbol@~3.1.3:
  version "3.1.3"
  resolved "https://registry.yarnpkg.com/es6-symbol/-/es6-symbol-3.1.3.tgz#bad5d3c1bcdac28269f4cb331e431c78ac705d18"
  integrity sha512-NJ6Yn3FuDinBaBRWl/q5X/s4koRHBrgKAu+yGI6JCBeiu3qrcbJhwT2GeR/EXVfylRk8dpQVJoLEFhK+Mu31NA==
  dependencies:
    d "^1.0.1"
    ext "^1.1.2"

ext@^1.1.2:
  version "1.4.0"
  resolved "https://registry.yarnpkg.com/ext/-/ext-1.4.0.tgz#89ae7a07158f79d35517882904324077e4379244"
  integrity sha512-Key5NIsUxdqKg3vIsdw9dSuXpPCQ297y6wBjL30edxwPgt2E44WcWBZey/ZvUc6sERLTxKdyCu4gZFmUbk1Q7A==
  dependencies:
    type "^2.0.0"

is-typedarray@^1.0.0:
  version "1.0.0"
  resolved "https://registry.yarnpkg.com/is-typedarray/-/is-typedarray-1.0.0.tgz#e479c80858df0c1b11ddda6940f96011fcda4a9a"
  integrity sha1-5HnICFjfDBsR3dppQPlgEfzaSpo=

ms@2.0.0:
  version "2.0.0"
  resolved "https://registry.yarnpkg.com/ms/-/ms-2.0.0.tgz#5608aeadfc00be6c2901df5f9861788de0d597c8"
  integrity sha1-VgiurfwAvmwpAd9fmGF4jeDVl8g=

next-tick@~1.0.0:
  version "1.0.0"
  resolved "https://registry.yarnpkg.com/next-tick/-/next-tick-1.0.0.tgz#ca86d1fe8828169b0120208e3dc8424b9db8342c"
  integrity sha1-yobR/ogoFpsBICCOPchCS524NCw=

node-fetch@2.6.1:
  version "2.6.1"
  resolved "https://registry.yarnpkg.com/node-fetch/-/node-fetch-2.6.1.tgz#045bd323631f76ed2e2b55573394416b639a0052"
  integrity sha512-V4aYg89jEoVRxRb2fJdAg8FHvI7cEyYdVAh94HH0UIK8oJxUfkjlDQN9RbMx+bEjP7+ggMiFRprSti032Oipxw==

node-gyp-build@^4.2.0:
  version "4.2.3"
  resolved "https://registry.yarnpkg.com/node-gyp-build/-/node-gyp-build-4.2.3.tgz#ce6277f853835f718829efb47db20f3e4d9c4739"
  integrity sha512-MN6ZpzmfNCRM+3t57PTJHgHyw/h4OWnZ6mR8P5j/uZtqQr46RRuDE/P+g3n0YR/AiYXeWixZZzaip77gdICfRg==

tslib@^2.3.0:
  version "2.3.0"
  resolved "https://registry.yarnpkg.com/tslib/-/tslib-2.3.0.tgz#803b8cdab3e12ba581a4ca41c8839bbb0dacb09e"
  integrity sha512-N82ooyxVNm6h1riLCoyS9e3fuJ3AMG2zIZs2Gd1ATcSFjSA23Q0fzjjZeh0jbJvWVDZ0cJT8yaNNaaXHzueNjg==

type@^1.0.1:
  version "1.2.0"
  resolved "https://registry.yarnpkg.com/type/-/type-1.2.0.tgz#848dd7698dafa3e54a6c479e759c4bc3f18847a0"
  integrity sha512-+5nt5AAniqsCnu2cEQQdpzCAh33kVx8n0VoFidKpB1dVVLAN/F+bgVOqOJqOnEnrhp222clB5p3vUlD+1QAnfg==

type@^2.0.0:
  version "2.5.0"
  resolved "https://registry.yarnpkg.com/type/-/type-2.5.0.tgz#0a2e78c2e77907b252abe5f298c1b01c63f0db3d"
  integrity sha512-180WMDQaIMm3+7hGXWf12GtdniDEy7nYcyFMKJn/eZz/6tSLXrUN9V0wKSbMjej0I1WHWbpREDEKHtqPQa9NNw==

typedarray-to-buffer@^3.1.5:
  version "3.1.5"
  resolved "https://registry.yarnpkg.com/typedarray-to-buffer/-/typedarray-to-buffer-3.1.5.tgz#a97ee7a9ff42691b9f783ff1bc5112fe3fca9080"
  integrity sha512-zdu8XMNEDepKKR+XYOXAVPtWui0ly0NtohUscw+UmaHiAWT8hrV1rr//H6V+0DvJ3OQ19S979M0laLfX8rm82Q==
  dependencies:
    is-typedarray "^1.0.0"

utf-8-validate@^5.0.2:
  version "5.0.5"
  resolved "https://registry.yarnpkg.com/utf-8-validate/-/utf-8-validate-5.0.5.tgz#dd32c2e82c72002dc9f02eb67ba6761f43456ca1"
  integrity sha512-+pnxRYsS/axEpkrrEpzYfNZGXp0IjC/9RIxwM5gntY4Koi8SHmUGSfxfWqxZdRxrtaoVstuOzUp/rbs3JSPELQ==
  dependencies:
    node-gyp-build "^4.2.0"

vue-demi@^0.11.2:
  version "0.11.2"
  resolved "https://registry.yarnpkg.com/vue-demi/-/vue-demi-0.11.2.tgz#faa06da53887c493a695b997f4fcb4784a667990"
  integrity sha512-J+X8Au6BhQdcej6LY4O986634hZLu55L0ewU2j8my7WIKlu8cK0dqmdUxqVHHMd/cMrKKZ9SywB/id6aLhwCtA==

vue-supabase@^2.2.1:
  version "2.2.1"
  resolved "https://registry.yarnpkg.com/vue-supabase/-/vue-supabase-2.2.1.tgz#4d1b172fc161ee308d6f3e68d37174f2ebdc0716"
  integrity sha512-dN/jfiyDBoLetosOjSaeZeNUPQul4fchYvvUiGDElBdtIAtlMktYAtGlag8dWQau5IgkwUDCsZRiaijPpX1sgQ==
  dependencies:
    "@supabase/supabase-js" "^1.4.2"
    vue-demi "^0.11.2"

websocket@^1.0.34:
  version "1.0.34"
  resolved "https://registry.yarnpkg.com/websocket/-/websocket-1.0.34.tgz#2bdc2602c08bf2c82253b730655c0ef7dcab3111"
  integrity sha512-PRDso2sGwF6kM75QykIesBijKSVceR6jL2G8NGYyq2XrItNC2P5/qL5XeR056GhA+Ly7JMFvJb9I312mJfmqnQ==
  dependencies:
    bufferutil "^4.0.1"
    debug "^2.2.0"
    es5-ext "^0.10.50"
    typedarray-to-buffer "^3.1.5"
    utf-8-validate "^5.0.2"
    yaeti "^0.0.6"

yaeti@^0.0.6:
  version "0.0.6"
  resolved "https://registry.yarnpkg.com/yaeti/-/yaeti-0.0.6.tgz#f26f484d72684cf42bedfb76970aa1608fbf9577"
  integrity sha1-8m9ITXJoTPQr7ft2lwqhYI+/lXc=
